// !$*UTF8*$!
{
	archiveVersion = 1;
	classes = {
	};
	objectVersion = 56;
	objects = {

/* Begin PBXBuildFile section */
		2ACD32A5BDC1C5E6BF509704 /* Pods_InstagramClone.framework in Frameworks */ = {isa = PBXBuildFile; fileRef = 79783739C6C3802E67A55AE4 /* Pods_InstagramClone.framework */; };
		484050962A7EBAAE001C4871 /* AppDelegate.swift in Sources */ = {isa = PBXBuildFile; fileRef = 484050952A7EBAAE001C4871 /* AppDelegate.swift */; };
		484050982A7EBAAE001C4871 /* SceneDelegate.swift in Sources */ = {isa = PBXBuildFile; fileRef = 484050972A7EBAAE001C4871 /* SceneDelegate.swift */; };
		4840509A2A7EBAAE001C4871 /* HomeViewController.swift in Sources */ = {isa = PBXBuildFile; fileRef = 484050992A7EBAAE001C4871 /* HomeViewController.swift */; };
		4840509D2A7EBAAE001C4871 /* Main.storyboard in Resources */ = {isa = PBXBuildFile; fileRef = 4840509B2A7EBAAE001C4871 /* Main.storyboard */; };
		4840509F2A7EBAAE001C4871 /* Assets.xcassets in Resources */ = {isa = PBXBuildFile; fileRef = 4840509E2A7EBAAE001C4871 /* Assets.xcassets */; };
		484050A22A7EBAAE001C4871 /* LaunchScreen.storyboard in Resources */ = {isa = PBXBuildFile; fileRef = 484050A02A7EBAAE001C4871 /* LaunchScreen.storyboard */; };
		484050AF2A7EBBF1001C4871 /* ExploreViewController.swift in Sources */ = {isa = PBXBuildFile; fileRef = 484050AE2A7EBBF1001C4871 /* ExploreViewController.swift */; };
		484050B12A7EBC03001C4871 /* CameraViewController.swift in Sources */ = {isa = PBXBuildFile; fileRef = 484050B02A7EBC03001C4871 /* CameraViewController.swift */; };
		484050B32A7EBC0E001C4871 /* NotificationViewController.swift in Sources */ = {isa = PBXBuildFile; fileRef = 484050B22A7EBC0E001C4871 /* NotificationViewController.swift */; };
		484050B52A7EBC1A001C4871 /* ProfileViewController.swift in Sources */ = {isa = PBXBuildFile; fileRef = 484050B42A7EBC1A001C4871 /* ProfileViewController.swift */; };
		484050BA2A7EBC8F001C4871 /* LoginViewController.swift in Sources */ = {isa = PBXBuildFile; fileRef = 484050B92A7EBC8F001C4871 /* LoginViewController.swift */; };
		484050BC2A7EBC9B001C4871 /* RegistrationViewController.swift in Sources */ = {isa = PBXBuildFile; fileRef = 484050BB2A7EBC9B001C4871 /* RegistrationViewController.swift */; };
		484050BE2A7EBCCD001C4871 /* PostViewController.swift in Sources */ = {isa = PBXBuildFile; fileRef = 484050BD2A7EBCCD001C4871 /* PostViewController.swift */; };
		484050C02A7EBCEC001C4871 /* EditProfileViewController.swift in Sources */ = {isa = PBXBuildFile; fileRef = 484050BF2A7EBCEC001C4871 /* EditProfileViewController.swift */; };
		484050C22A7EBCFA001C4871 /* SettingViewController.swift in Sources */ = {isa = PBXBuildFile; fileRef = 484050C12A7EBCFA001C4871 /* SettingViewController.swift */; };
		484050C42A7EBD11001C4871 /* ListViewController.swift in Sources */ = {isa = PBXBuildFile; fileRef = 484050C32A7EBD11001C4871 /* ListViewController.swift */; };
		484050C62A7EBD28001C4871 /* SearchViewController.swift in Sources */ = {isa = PBXBuildFile; fileRef = 484050C52A7EBD28001C4871 /* SearchViewController.swift */; };
		484050C82A7EBD38001C4871 /* SearchResultViewController.swift in Sources */ = {isa = PBXBuildFile; fileRef = 484050C72A7EBD38001C4871 /* SearchResultViewController.swift */; };
		484050CA2A7EBD65001C4871 /* PostEditorViewController.swift in Sources */ = {isa = PBXBuildFile; fileRef = 484050C92A7EBD65001C4871 /* PostEditorViewController.swift */; };
		484050CC2A7EBD75001C4871 /* PublicPostViewController.swift in Sources */ = {isa = PBXBuildFile; fileRef = 484050CB2A7EBD75001C4871 /* PublicPostViewController.swift */; };
		48A2A31D2A7FF05900AFB03E /* Alamofire in Frameworks */ = {isa = PBXBuildFile; productRef = 48A2A31C2A7FF05900AFB03E /* Alamofire */; };
/* End PBXBuildFile section */

/* Begin PBXFileReference section */
		26B7780E3E0C9581740ADC5B /* Pods-InstagramClone.debug.xcconfig */ = {isa = PBXFileReference; includeInIndex = 1; lastKnownFileType = text.xcconfig; name = "Pods-InstagramClone.debug.xcconfig"; path = "Target Support Files/Pods-InstagramClone/Pods-InstagramClone.debug.xcconfig"; sourceTree = "<group>"; };
		375650AF1B5FA01A56D0D138 /* Pods-InstagramClone.release.xcconfig */ = {isa = PBXFileReference; includeInIndex = 1; lastKnownFileType = text.xcconfig; name = "Pods-InstagramClone.release.xcconfig"; path = "Target Support Files/Pods-InstagramClone/Pods-InstagramClone.release.xcconfig"; sourceTree = "<group>"; };
		484050922A7EBAAE001C4871 /* InstagramClone.app */ = {isa = PBXFileReference; explicitFileType = wrapper.application; includeInIndex = 0; path = InstagramClone.app; sourceTree = BUILT_PRODUCTS_DIR; };
		484050952A7EBAAE001C4871 /* AppDelegate.swift */ = {isa = PBXFileReference; lastKnownFileType = sourcecode.swift; path = AppDelegate.swift; sourceTree = "<group>"; };
		484050972A7EBAAE001C4871 /* SceneDelegate.swift */ = {isa = PBXFileReference; lastKnownFileType = sourcecode.swift; path = SceneDelegate.swift; sourceTree = "<group>"; };
		484050992A7EBAAE001C4871 /* HomeViewController.swift */ = {isa = PBXFileReference; lastKnownFileType = sourcecode.swift; path = HomeViewController.swift; sourceTree = "<group>"; };
		4840509C2A7EBAAE001C4871 /* Base */ = {isa = PBXFileReference; lastKnownFileType = file.storyboard; name = Base; path = Base.lproj/Main.storyboard; sourceTree = "<group>"; };
		4840509E2A7EBAAE001C4871 /* Assets.xcassets */ = {isa = PBXFileReference; lastKnownFileType = folder.assetcatalog; path = Assets.xcassets; sourceTree = "<group>"; };
		484050A12A7EBAAE001C4871 /* Base */ = {isa = PBXFileReference; lastKnownFileType = file.storyboard; name = Base; path = Base.lproj/LaunchScreen.storyboard; sourceTree = "<group>"; };
		484050A32A7EBAAE001C4871 /* Info.plist */ = {isa = PBXFileReference; lastKnownFileType = text.plist.xml; path = Info.plist; sourceTree = "<group>"; };
		484050AE2A7EBBF1001C4871 /* ExploreViewController.swift */ = {isa = PBXFileReference; lastKnownFileType = sourcecode.swift; path = ExploreViewController.swift; sourceTree = "<group>"; };
		484050B02A7EBC03001C4871 /* CameraViewController.swift */ = {isa = PBXFileReference; lastKnownFileType = sourcecode.swift; path = CameraViewController.swift; sourceTree = "<group>"; };
		484050B22A7EBC0E001C4871 /* NotificationViewController.swift */ = {isa = PBXFileReference; lastKnownFileType = sourcecode.swift; path = NotificationViewController.swift; sourceTree = "<group>"; };
		484050B42A7EBC1A001C4871 /* ProfileViewController.swift */ = {isa = PBXFileReference; lastKnownFileType = sourcecode.swift; path = ProfileViewController.swift; sourceTree = "<group>"; };
		484050B92A7EBC8F001C4871 /* LoginViewController.swift */ = {isa = PBXFileReference; lastKnownFileType = sourcecode.swift; path = LoginViewController.swift; sourceTree = "<group>"; };
		484050BB2A7EBC9B001C4871 /* RegistrationViewController.swift */ = {isa = PBXFileReference; lastKnownFileType = sourcecode.swift; path = RegistrationViewController.swift; sourceTree = "<group>"; };
		484050BD2A7EBCCD001C4871 /* PostViewController.swift */ = {isa = PBXFileReference; lastKnownFileType = sourcecode.swift; path = PostViewController.swift; sourceTree = "<group>"; };
		484050BF2A7EBCEC001C4871 /* EditProfileViewController.swift */ = {isa = PBXFileReference; lastKnownFileType = sourcecode.swift; path = EditProfileViewController.swift; sourceTree = "<group>"; };
		484050C12A7EBCFA001C4871 /* SettingViewController.swift */ = {isa = PBXFileReference; lastKnownFileType = sourcecode.swift; path = SettingViewController.swift; sourceTree = "<group>"; };
		484050C32A7EBD11001C4871 /* ListViewController.swift */ = {isa = PBXFileReference; lastKnownFileType = sourcecode.swift; path = ListViewController.swift; sourceTree = "<group>"; };
		484050C52A7EBD28001C4871 /* SearchViewController.swift */ = {isa = PBXFileReference; lastKnownFileType = sourcecode.swift; path = SearchViewController.swift; sourceTree = "<group>"; };
		484050C72A7EBD38001C4871 /* SearchResultViewController.swift */ = {isa = PBXFileReference; lastKnownFileType = sourcecode.swift; path = SearchResultViewController.swift; sourceTree = "<group>"; };
		484050C92A7EBD65001C4871 /* PostEditorViewController.swift */ = {isa = PBXFileReference; lastKnownFileType = sourcecode.swift; path = PostEditorViewController.swift; sourceTree = "<group>"; };
		484050CB2A7EBD75001C4871 /* PublicPostViewController.swift */ = {isa = PBXFileReference; lastKnownFileType = sourcecode.swift; path = PublicPostViewController.swift; sourceTree = "<group>"; };
		79783739C6C3802E67A55AE4 /* Pods_InstagramClone.framework */ = {isa = PBXFileReference; explicitFileType = wrapper.framework; includeInIndex = 0; path = Pods_InstagramClone.framework; sourceTree = BUILT_PRODUCTS_DIR; };
/* End PBXFileReference section */

/* Begin PBXFrameworksBuildPhase section */
		4840508F2A7EBAAE001C4871 /* Frameworks */ = {
			isa = PBXFrameworksBuildPhase;
			buildActionMask = 2147483647;
			files = (
				48A2A31D2A7FF05900AFB03E /* Alamofire in Frameworks */,
				2ACD32A5BDC1C5E6BF509704 /* Pods_InstagramClone.framework in Frameworks */,
			);
			runOnlyForDeploymentPostprocessing = 0;
		};
/* End PBXFrameworksBuildPhase section */

/* Begin PBXGroup section */
		484050892A7EBAAE001C4871 = {
			isa = PBXGroup;
			children = (
				484050942A7EBAAE001C4871 /* InstagramClone */,
				484050932A7EBAAE001C4871 /* Products */,
				E64008E68ACC2E6BD981F583 /* Pods */,
				A8C232911707D83DEDA9FEF4 /* Frameworks */,
			);
			sourceTree = "<group>";
		};
		484050932A7EBAAE001C4871 /* Products */ = {
			isa = PBXGroup;
			children = (
				484050922A7EBAAE001C4871 /* InstagramClone.app */,
			);
			name = Products;
			sourceTree = "<group>";
		};
		484050942A7EBAAE001C4871 /* InstagramClone */ = {
			isa = PBXGroup;
			children = (
				484050AC2A7EBACD001C4871 /* Resources */,
				484050AB2A7EBAC7001C4871 /* Model */,
				484050AA2A7EBAC0001C4871 /* View */,
				484050A92A7EBAB6001C4871 /* Controller */,
				484050A32A7EBAAE001C4871 /* Info.plist */,
			);
			path = InstagramClone;
			sourceTree = "<group>";
		};
		484050A92A7EBAB6001C4871 /* Controller */ = {
			isa = PBXGroup;
			children = (
				484050B72A7EBC7B001C4871 /* Other */,
				484050B62A7EBC46001C4871 /* Core Tabs */,
			);
			path = Controller;
			sourceTree = "<group>";
		};
		484050AA2A7EBAC0001C4871 /* View */ = {
			isa = PBXGroup;
			children = (
				484050AD2A7EBAE9001C4871 /* Storyboards */,
				4840509E2A7EBAAE001C4871 /* Assets.xcassets */,
			);
			path = View;
			sourceTree = "<group>";
		};
		484050AB2A7EBAC7001C4871 /* Model */ = {
			isa = PBXGroup;
			children = (
			);
			path = Model;
			sourceTree = "<group>";
		};
		484050AC2A7EBACD001C4871 /* Resources */ = {
			isa = PBXGroup;
			children = (
				484050952A7EBAAE001C4871 /* AppDelegate.swift */,
				484050972A7EBAAE001C4871 /* SceneDelegate.swift */,
			);
			path = Resources;
			sourceTree = "<group>";
		};
		484050AD2A7EBAE9001C4871 /* Storyboards */ = {
			isa = PBXGroup;
			children = (
				4840509B2A7EBAAE001C4871 /* Main.storyboard */,
				484050A02A7EBAAE001C4871 /* LaunchScreen.storyboard */,
			);
			path = Storyboards;
			sourceTree = "<group>";
		};
		484050B62A7EBC46001C4871 /* Core Tabs */ = {
			isa = PBXGroup;
			children = (
				484050992A7EBAAE001C4871 /* HomeViewController.swift */,
				484050AE2A7EBBF1001C4871 /* ExploreViewController.swift */,
				484050B02A7EBC03001C4871 /* CameraViewController.swift */,
				484050B22A7EBC0E001C4871 /* NotificationViewController.swift */,
				484050B42A7EBC1A001C4871 /* ProfileViewController.swift */,
			);
			path = "Core Tabs";
			sourceTree = "<group>";
		};
		484050B72A7EBC7B001C4871 /* Other */ = {
			isa = PBXGroup;
			children = (
				484050B82A7EBC81001C4871 /* Onboarding */,
				484050BD2A7EBCCD001C4871 /* PostViewController.swift */,
				484050C12A7EBCFA001C4871 /* SettingViewController.swift */,
				484050C52A7EBD28001C4871 /* SearchViewController.swift */,
				484050C72A7EBD38001C4871 /* SearchResultViewController.swift */,
				484050CB2A7EBD75001C4871 /* PublicPostViewController.swift */,
				484050C92A7EBD65001C4871 /* PostEditorViewController.swift */,
				484050C32A7EBD11001C4871 /* ListViewController.swift */,
				484050BF2A7EBCEC001C4871 /* EditProfileViewController.swift */,
			);
			path = Other;
			sourceTree = "<group>";
		};
		484050B82A7EBC81001C4871 /* Onboarding */ = {
			isa = PBXGroup;
			children = (
				484050B92A7EBC8F001C4871 /* LoginViewController.swift */,
				484050BB2A7EBC9B001C4871 /* RegistrationViewController.swift */,
			);
			path = Onboarding;
			sourceTree = "<group>";
		};
		A8C232911707D83DEDA9FEF4 /* Frameworks */ = {
			isa = PBXGroup;
			children = (
				79783739C6C3802E67A55AE4 /* Pods_InstagramClone.framework */,
			);
			name = Frameworks;
			sourceTree = "<group>";
		};
		E64008E68ACC2E6BD981F583 /* Pods */ = {
			isa = PBXGroup;
			children = (
				26B7780E3E0C9581740ADC5B /* Pods-InstagramClone.debug.xcconfig */,
				375650AF1B5FA01A56D0D138 /* Pods-InstagramClone.release.xcconfig */,
			);
			name = Pods;
			path = Pods;
			sourceTree = "<group>";
		};
/* End PBXGroup section */

/* Begin PBXNativeTarget section */
		484050912A7EBAAE001C4871 /* InstagramClone */ = {
			isa = PBXNativeTarget;
			buildConfigurationList = 484050A62A7EBAAE001C4871 /* Build configuration list for PBXNativeTarget "InstagramClone" */;
			buildPhases = (
				8E809C29C390DB2BEFF4C556 /* [CP] Check Pods Manifest.lock */,
				4840508E2A7EBAAE001C4871 /* Sources */,
				4840508F2A7EBAAE001C4871 /* Frameworks */,
				484050902A7EBAAE001C4871 /* Resources */,
			);
			buildRules = (
			);
			dependencies = (
			);
			name = InstagramClone;
			packageProductDependencies = (
				48A2A31C2A7FF05900AFB03E /* Alamofire */,
			);
			productName = InstagramClone;
			productReference = 484050922A7EBAAE001C4871 /* InstagramClone.app */;
			productType = "com.apple.product-type.application";
		};
/* End PBXNativeTarget section */

/* Begin PBXProject section */
		4840508A2A7EBAAE001C4871 /* Project object */ = {
			isa = PBXProject;
			attributes = {
				BuildIndependentTargetsInParallel = 1;
				LastSwiftUpdateCheck = 1420;
				LastUpgradeCheck = 1420;
				TargetAttributes = {
					484050912A7EBAAE001C4871 = {
						CreatedOnToolsVersion = 14.2;
					};
				};
			};
			buildConfigurationList = 4840508D2A7EBAAE001C4871 /* Build configuration list for PBXProject "InstagramClone" */;
			compatibilityVersion = "Xcode 14.0";
			developmentRegion = en;
			hasScannedForEncodings = 0;
			knownRegions = (
				en,
				Base,
			);
			mainGroup = 484050892A7EBAAE001C4871;
			packageReferences = (
				48A2A31B2A7FF05900AFB03E /* XCRemoteSwiftPackageReference "Alamofire.git" */,
			);
			productRefGroup = 484050932A7EBAAE001C4871 /* Products */;
			projectDirPath = "";
			projectRoot = "";
			targets = (
				484050912A7EBAAE001C4871 /* InstagramClone */,
			);
		};
/* End PBXProject section */

/* Begin PBXResourcesBuildPhase section */
		484050902A7EBAAE001C4871 /* Resources */ = {
			isa = PBXResourcesBuildPhase;
			buildActionMask = 2147483647;
			files = (
				484050A22A7EBAAE001C4871 /* LaunchScreen.storyboard in Resources */,
				4840509F2A7EBAAE001C4871 /* Assets.xcassets in Resources */,
				4840509D2A7EBAAE001C4871 /* Main.storyboard in Resources */,
			);
			runOnlyForDeploymentPostprocessing = 0;
		};
/* End PBXResourcesBuildPhase section */

/* Begin PBXShellScriptBuildPhase section */
		8E809C29C390DB2BEFF4C556 /* [CP] Check Pods Manifest.lock */ = {
			isa = PBXShellScriptBuildPhase;
			buildActionMask = 2147483647;
			files = (
			);
			inputFileListPaths = (
			);
			inputPaths = (
				"${PODS_PODFILE_DIR_PATH}/Podfile.lock",
				"${PODS_ROOT}/Manifest.lock",
			);
			name = "[CP] Check Pods Manifest.lock";
			outputFileListPaths = (
			);
			outputPaths = (
				"$(DERIVED_FILE_DIR)/Pods-InstagramClone-checkManifestLockResult.txt",
			);
			runOnlyForDeploymentPostprocessing = 0;
			shellPath = /bin/sh;
			shellScript = "diff \"${PODS_PODFILE_DIR_PATH}/Podfile.lock\" \"${PODS_ROOT}/Manifest.lock\" > /dev/null\nif [ $? != 0 ] ; then\n    # print error to STDERR\n    echo \"error: The sandbox is not in sync with the Podfile.lock. Run 'pod install' or update your CocoaPods installation.\" >&2\n    exit 1\nfi\n# This output is used by Xcode 'outputs' to avoid re-running this script phase.\necho \"SUCCESS\" > \"${SCRIPT_OUTPUT_FILE_0}\"\n";
			showEnvVarsInLog = 0;
		};
/* End PBXShellScriptBuildPhase section */

/* Begin PBXSourcesBuildPhase section */
		4840508E2A7EBAAE001C4871 /* Sources */ = {
			isa = PBXSourcesBuildPhase;
			buildActionMask = 2147483647;
			files = (
				484050C02A7EBCEC001C4871 /* EditProfileViewController.swift in Sources */,
				484050AF2A7EBBF1001C4871 /* ExploreViewController.swift in Sources */,
				484050CC2A7EBD75001C4871 /* PublicPostViewController.swift in Sources */,
				484050B12A7EBC03001C4871 /* CameraViewController.swift in Sources */,
				484050B32A7EBC0E001C4871 /* NotificationViewController.swift in Sources */,
				484050BC2A7EBC9B001C4871 /* RegistrationViewController.swift in Sources */,
				484050CA2A7EBD65001C4871 /* PostEditorViewController.swift in Sources */,
				484050BE2A7EBCCD001C4871 /* PostViewController.swift in Sources */,
				4840509A2A7EBAAE001C4871 /* HomeViewController.swift in Sources */,
				484050C82A7EBD38001C4871 /* SearchResultViewController.swift in Sources */,
				484050BA2A7EBC8F001C4871 /* LoginViewController.swift in Sources */,
				484050C62A7EBD28001C4871 /* SearchViewController.swift in Sources */,
				484050B52A7EBC1A001C4871 /* ProfileViewController.swift in Sources */,
				484050962A7EBAAE001C4871 /* AppDelegate.swift in Sources */,
				484050982A7EBAAE001C4871 /* SceneDelegate.swift in Sources */,
				484050C42A7EBD11001C4871 /* ListViewController.swift in Sources */,
				484050C22A7EBCFA001C4871 /* SettingViewController.swift in Sources */,
			);
			runOnlyForDeploymentPostprocessing = 0;
		};
/* End PBXSourcesBuildPhase section */

/* Begin PBXVariantGroup section */
		4840509B2A7EBAAE001C4871 /* Main.storyboard */ = {
			isa = PBXVariantGroup;
			children = (
				4840509C2A7EBAAE001C4871 /* Base */,
			);
			name = Main.storyboard;
			sourceTree = "<group>";
		};
		484050A02A7EBAAE001C4871 /* LaunchScreen.storyboard */ = {
			isa = PBXVariantGroup;
			children = (
				484050A12A7EBAAE001C4871 /* Base */,
			);
			name = LaunchScreen.storyboard;
			sourceTree = "<group>";
		};
/* End PBXVariantGroup section */

/* Begin XCBuildConfiguration section */
		484050A42A7EBAAE001C4871 /* Debug */ = {
			isa = XCBuildConfiguration;
			buildSettings = {
				ALWAYS_SEARCH_USER_PATHS = NO;
				CLANG_ANALYZER_NONNULL = YES;
				CLANG_ANALYZER_NUMBER_OBJECT_CONVERSION = YES_AGGRESSIVE;
				CLANG_CXX_LANGUAGE_STANDARD = "gnu++20";
				CLANG_ENABLE_MODULES = YES;
				CLANG_ENABLE_OBJC_ARC = YES;
				CLANG_ENABLE_OBJC_WEAK = YES;
				CLANG_WARN_BLOCK_CAPTURE_AUTORELEASING = YES;
				CLANG_WARN_BOOL_CONVERSION = YES;
				CLANG_WARN_COMMA = YES;
				CLANG_WARN_CONSTANT_CONVERSION = YES;
				CLANG_WARN_DEPRECATED_OBJC_IMPLEMENTATIONS = YES;
				CLANG_WARN_DIRECT_OBJC_ISA_USAGE = YES_ERROR;
				CLANG_WARN_DOCUMENTATION_COMMENTS = YES;
				CLANG_WARN_EMPTY_BODY = YES;
				CLANG_WARN_ENUM_CONVERSION = YES;
				CLANG_WARN_INFINITE_RECURSION = YES;
				CLANG_WARN_INT_CONVERSION = YES;
				CLANG_WARN_NON_LITERAL_NULL_CONVERSION = YES;
				CLANG_WARN_OBJC_IMPLICIT_RETAIN_SELF = YES;
				CLANG_WARN_OBJC_LITERAL_CONVERSION = YES;
				CLANG_WARN_OBJC_ROOT_CLASS = YES_ERROR;
				CLANG_WARN_QUOTED_INCLUDE_IN_FRAMEWORK_HEADER = YES;
				CLANG_WARN_RANGE_LOOP_ANALYSIS = YES;
				CLANG_WARN_STRICT_PROTOTYPES = YES;
				CLANG_WARN_SUSPICIOUS_MOVE = YES;
				CLANG_WARN_UNGUARDED_AVAILABILITY = YES_AGGRESSIVE;
				CLANG_WARN_UNREACHABLE_CODE = YES;
				CLANG_WARN__DUPLICATE_METHOD_MATCH = YES;
				COPY_PHASE_STRIP = NO;
				DEBUG_INFORMATION_FORMAT = dwarf;
				ENABLE_STRICT_OBJC_MSGSEND = YES;
				ENABLE_TESTABILITY = YES;
				GCC_C_LANGUAGE_STANDARD = gnu11;
				GCC_DYNAMIC_NO_PIC = NO;
				GCC_NO_COMMON_BLOCKS = YES;
				GCC_OPTIMIZATION_LEVEL = 0;
				GCC_PREPROCESSOR_DEFINITIONS = (
					"DEBUG=1",
					"$(inherited)",
				);
				GCC_WARN_64_TO_32_BIT_CONVERSION = YES;
				GCC_WARN_ABOUT_RETURN_TYPE = YES_ERROR;
				GCC_WARN_UNDECLARED_SELECTOR = YES;
				GCC_WARN_UNINITIALIZED_AUTOS = YES_AGGRESSIVE;
				GCC_WARN_UNUSED_FUNCTION = YES;
				GCC_WARN_UNUSED_VARIABLE = YES;
				IPHONEOS_DEPLOYMENT_TARGET = 16.2;
				MTL_ENABLE_DEBUG_INFO = INCLUDE_SOURCE;
				MTL_FAST_MATH = YES;
				ONLY_ACTIVE_ARCH = YES;
				SDKROOT = iphoneos;
				SWIFT_ACTIVE_COMPILATION_CONDITIONS = DEBUG;
				SWIFT_OPTIMIZATION_LEVEL = "-Onone";
			};
			name = Debug;
		};
		484050A52A7EBAAE001C4871 /* Release */ = {
			isa = XCBuildConfiguration;
			buildSettings = {
				ALWAYS_SEARCH_USER_PATHS = NO;
				CLANG_ANALYZER_NONNULL = YES;
				CLANG_ANALYZER_NUMBER_OBJECT_CONVERSION = YES_AGGRESSIVE;
				CLANG_CXX_LANGUAGE_STANDARD = "gnu++20";
				CLANG_ENABLE_MODULES = YES;
				CLANG_ENABLE_OBJC_ARC = YES;
				CLANG_ENABLE_OBJC_WEAK = YES;
				CLANG_WARN_BLOCK_CAPTURE_AUTORELEASING = YES;
				CLANG_WARN_BOOL_CONVERSION = YES;
				CLANG_WARN_COMMA = YES;
				CLANG_WARN_CONSTANT_CONVERSION = YES;
				CLANG_WARN_DEPRECATED_OBJC_IMPLEMENTATIONS = YES;
				CLANG_WARN_DIRECT_OBJC_ISA_USAGE = YES_ERROR;
				CLANG_WARN_DOCUMENTATION_COMMENTS = YES;
				CLANG_WARN_EMPTY_BODY = YES;
				CLANG_WARN_ENUM_CONVERSION = YES;
				CLANG_WARN_INFINITE_RECURSION = YES;
				CLANG_WARN_INT_CONVERSION = YES;
				CLANG_WARN_NON_LITERAL_NULL_CONVERSION = YES;
				CLANG_WARN_OBJC_IMPLICIT_RETAIN_SELF = YES;
				CLANG_WARN_OBJC_LITERAL_CONVERSION = YES;
				CLANG_WARN_OBJC_ROOT_CLASS = YES_ERROR;
				CLANG_WARN_QUOTED_INCLUDE_IN_FRAMEWORK_HEADER = YES;
				CLANG_WARN_RANGE_LOOP_ANALYSIS = YES;
				CLANG_WARN_STRICT_PROTOTYPES = YES;
				CLANG_WARN_SUSPICIOUS_MOVE = YES;
				CLANG_WARN_UNGUARDED_AVAILABILITY = YES_AGGRESSIVE;
				CLANG_WARN_UNREACHABLE_CODE = YES;
				CLANG_WARN__DUPLICATE_METHOD_MATCH = YES;
				COPY_PHASE_STRIP = NO;
				DEBUG_INFORMATION_FORMAT = "dwarf-with-dsym";
				ENABLE_NS_ASSERTIONS = NO;
				ENABLE_STRICT_OBJC_MSGSEND = YES;
				GCC_C_LANGUAGE_STANDARD = gnu11;
				GCC_NO_COMMON_BLOCKS = YES;
				GCC_WARN_64_TO_32_BIT_CONVERSION = YES;
				GCC_WARN_ABOUT_RETURN_TYPE = YES_ERROR;
				GCC_WARN_UNDECLARED_SELECTOR = YES;
				GCC_WARN_UNINITIALIZED_AUTOS = YES_AGGRESSIVE;
				GCC_WARN_UNUSED_FUNCTION = YES;
				GCC_WARN_UNUSED_VARIABLE = YES;
				IPHONEOS_DEPLOYMENT_TARGET = 16.2;
				MTL_ENABLE_DEBUG_INFO = NO;
				MTL_FAST_MATH = YES;
				SDKROOT = iphoneos;
				SWIFT_COMPILATION_MODE = wholemodule;
				SWIFT_OPTIMIZATION_LEVEL = "-O";
				VALIDATE_PRODUCT = YES;
			};
			name = Release;
		};
		484050A72A7EBAAE001C4871 /* Debug */ = {
			isa = XCBuildConfiguration;
			baseConfigurationReference = 26B7780E3E0C9581740ADC5B /* Pods-InstagramClone.debug.xcconfig */;
			buildSettings = {
				ASSETCATALOG_COMPILER_APPICON_NAME = AppIcon;
				ASSETCATALOG_COMPILER_GLOBAL_ACCENT_COLOR_NAME = AccentColor;
				CODE_SIGN_STYLE = Automatic;
				CURRENT_PROJECT_VERSION = 1;
				DEVELOPMENT_TEAM = G6JGSRL2W2;
				GENERATE_INFOPLIST_FILE = YES;
				INFOPLIST_FILE = InstagramClone/Info.plist;
				INFOPLIST_KEY_UIApplicationSupportsIndirectInputEvents = YES;
				INFOPLIST_KEY_UILaunchStoryboardName = LaunchScreen;
				INFOPLIST_KEY_UIMainStoryboardFile = Main;
				INFOPLIST_KEY_UISupportedInterfaceOrientations_iPad = "UIInterfaceOrientationPortrait UIInterfaceOrientationPortraitUpsideDown UIInterfaceOrientationLandscapeLeft UIInterfaceOrientationLandscapeRight";
				INFOPLIST_KEY_UISupportedInterfaceOrientations_iPhone = "UIInterfaceOrientationPortrait UIInterfaceOrientationLandscapeLeft UIInterfaceOrientationLandscapeRight";
				LD_RUNPATH_SEARCH_PATHS = (
					"$(inherited)",
					"@executable_path/Frameworks",
				);
				MARKETING_VERSION = 1.0;
				PRODUCT_BUNDLE_IDENTIFIER = com.izalak.InstagramClone;
				PRODUCT_NAME = "$(TARGET_NAME)";
				SWIFT_EMIT_LOC_STRINGS = YES;
				SWIFT_VERSION = 5.0;
				TARGETED_DEVICE_FAMILY = "1,2";
			};
			name = Debug;
		};
		484050A82A7EBAAE001C4871 /* Release */ = {
			isa = XCBuildConfiguration;
			baseConfigurationReference = 375650AF1B5FA01A56D0D138 /* Pods-InstagramClone.release.xcconfig */;
			buildSettings = {
				ASSETCATALOG_COMPILER_APPICON_NAME = AppIcon;
				ASSETCATALOG_COMPILER_GLOBAL_ACCENT_COLOR_NAME = AccentColor;
				CODE_SIGN_STYLE = Automatic;
				CURRENT_PROJECT_VERSION = 1;
				DEVELOPMENT_TEAM = G6JGSRL2W2;
				GENERATE_INFOPLIST_FILE = YES;
				INFOPLIST_FILE = InstagramClone/Info.plist;
				INFOPLIST_KEY_UIApplicationSupportsIndirectInputEvents = YES;
				INFOPLIST_KEY_UILaunchStoryboardName = LaunchScreen;
				INFOPLIST_KEY_UIMainStoryboardFile = Main;
				INFOPLIST_KEY_UISupportedInterfaceOrientations_iPad = "UIInterfaceOrientationPortrait UIInterfaceOrientationPortraitUpsideDown UIInterfaceOrientationLandscapeLeft UIInterfaceOrientationLandscapeRight";
				INFOPLIST_KEY_UISupportedInterfaceOrientations_iPhone = "UIInterfaceOrientationPortrait UIInterfaceOrientationLandscapeLeft UIInterfaceOrientationLandscapeRight";
				LD_RUNPATH_SEARCH_PATHS = (
					"$(inherited)",
					"@executable_path/Frameworks",
				);
				MARKETING_VERSION = 1.0;
				PRODUCT_BUNDLE_IDENTIFIER = com.izalak.InstagramClone;
				PRODUCT_NAME = "$(TARGET_NAME)";
				SWIFT_EMIT_LOC_STRINGS = YES;
				SWIFT_VERSION = 5.0;
				TARGETED_DEVICE_FAMILY = "1,2";
			};
			name = Release;
		};
/* End XCBuildConfiguration section */

/* Begin XCConfigurationList section */
		4840508D2A7EBAAE001C4871 /* Build configuration list for PBXProject "InstagramClone" */ = {
			isa = XCConfigurationList;
			buildConfigurations = (
				484050A42A7EBAAE001C4871 /* Debug */,
				484050A52A7EBAAE001C4871 /* Release */,
			);
			defaultConfigurationIsVisible = 0;
			defaultConfigurationName = Release;
		};
		484050A62A7EBAAE001C4871 /* Build configuration list for PBXNativeTarget "InstagramClone" */ = {
			isa = XCConfigurationList;
			buildConfigurations = (
				484050A72A7EBAAE001C4871 /* Debug */,
				484050A82A7EBAAE001C4871 /* Release */,
			);
			defaultConfigurationIsVisible = 0;
			defaultConfigurationName = Release;
		};
/* End XCConfigurationList section */

/* Begin XCRemoteSwiftPackageReference section */
		48A2A31B2A7FF05900AFB03E /* XCRemoteSwiftPackageReference "Alamofire.git" */ = {
			isa = XCRemoteSwiftPackageReference;
			repositoryURL = "https://github.com/Alamofire/Alamofire.git";
			requirement = {
				kind = upToNextMajorVersion;
				minimumVersion = 5.0.0;
			};
		};
/* End XCRemoteSwiftPackageReference section */

/* Begin XCSwiftPackageProductDependency section */
		48A2A31C2A7FF05900AFB03E /* Alamofire */ = {
			isa = XCSwiftPackageProductDependency;
			package = 48A2A31B2A7FF05900AFB03E /* XCRemoteSwiftPackageReference "Alamofire.git" */;
			productName = Alamofire;
		};
/* End XCSwiftPackageProductDependency section */
	};
	rootObject = 4840508A2A7EBAAE001C4871 /* Project object */;
}
